
Microsoft Visual Studio Solution File, Format Version 12.00
# Visual Studio Version 17
VisualStudioVersion = 17.10.35004.147
MinimumVisualStudioVersion = 10.0.40219.1
Project("{FAE04EC0-301F-11D3-BF4B-00C04F79EFBC}") = "LigaProEc", "LigaProEc\LigaProEc.csproj", "{46E0A7E0-2461-401A-A133-1B2CB2246CCA}"
EndProject
Global
	GlobalSection(SolutionConfigurationPlatforms) = preSolution
		Debug|Any CPU = Debug|Any CPU
		Release|Any CPU = Release|Any CPU
	EndGlobalSection
	GlobalSection(ProjectConfigurationPlatforms) = postSolution
		{46E0A7E0-2461-401A-A133-1B2CB2246CCA}.Debug|Any CPU.ActiveCfg = Debug|Any CPU
		{46E0A7E0-2461-401A-A133-1B2CB2246CCA}.Debug|Any CPU.Build.0 = Debug|Any CPU
		{46E0A7E0-2461-401A-A133-1B2CB2246CCA}.Release|Any CPU.ActiveCfg = Release|Any CPU
		{46E0A7E0-2461-401A-A133-1B2CB2246CCA}.Release|Any CPU.Build.0 = Release|Any CPU
	EndGlobalSection
	GlobalSection(SolutionProperties) = preSolution
		HideSolutionNode = FALSE
	EndGlobalSection
	GlobalSection(ExtensibilityGlobals) = postSolution
		SolutionGuid = {F8C6E89F-E3F8-4CDA-95B7-A6C26254BF3D}
	EndGlobalSection
EndGlobal
